
Microsoft Visual Studio Solution File, Format Version 12.00
# Visual Studio Version 17
VisualStudioVersion = 17.9.34728.123
MinimumVisualStudioVersion = 10.0.40219.1
Project("{FAE04EC0-301F-11D3-BF4B-00C04F79EFBC}") = "PaymentApp", "PaymentApp\PaymentApp.csproj", "{2A15EB45-2E21-4699-AE2C-85E39EA2A1FB}"
EndProject
Global
	GlobalSection(SolutionConfigurationPlatforms) = preSolution
		Debug|Any CPU = Debug|Any CPU
		Release|Any CPU = Release|Any CPU
	EndGlobalSection
	GlobalSection(ProjectConfigurationPlatforms) = postSolution
		{2A15EB45-2E21-4699-AE2C-85E39EA2A1FB}.Debug|Any CPU.ActiveCfg = Debug|Any CPU
		{2A15EB45-2E21-4699-AE2C-85E39EA2A1FB}.Debug|Any CPU.Build.0 = Debug|Any CPU
		{2A15EB45-2E21-4699-AE2C-85E39EA2A1FB}.Debug|Any CPU.Deploy.0 = Debug|Any CPU
		{2A15EB45-2E21-4699-AE2C-85E39EA2A1FB}.Release|Any CPU.ActiveCfg = Release|Any CPU
		{2A15EB45-2E21-4699-AE2C-85E39EA2A1FB}.Release|Any CPU.Build.0 = Release|Any CPU
		{2A15EB45-2E21-4699-AE2C-85E39EA2A1FB}.Release|Any CPU.Deploy.0 = Release|Any CPU
	EndGlobalSection
	GlobalSection(SolutionProperties) = preSolution
		HideSolutionNode = FALSE
	EndGlobalSection
	GlobalSection(ExtensibilityGlobals) = postSolution
		SolutionGuid = {05E7C00D-6BB1-449B-ADB8-38962A02E994}
	EndGlobalSection
EndGlobal
